// !$*UTF8*$!
{
	archiveVersion = 1;
	classes = {
	};
	objectVersion = 56;
	objects = {

/* Begin PBXBuildFile section */
		4D674CBC2934BEF9009A7FCC /* ScrumdingerApp.swift in Sources */ = {isa = PBXBuildFile; fileRef = 4D674CBB2934BEF9009A7FCC /* ScrumdingerApp.swift */; };
		4D674CBE2934BEF9009A7FCC /* MeetingView.swift in Sources */ = {isa = PBXBuildFile; fileRef = 4D674CBD2934BEF9009A7FCC /* MeetingView.swift */; };
		4D674CC02934BEFB009A7FCC /* Assets.xcassets in Resources */ = {isa = PBXBuildFile; fileRef = 4D674CBF2934BEFB009A7FCC /* Assets.xcassets */; };
		4D674CC32934BEFB009A7FCC /* Preview Assets.xcassets in Resources */ = {isa = PBXBuildFile; fileRef = 4D674CC22934BEFB009A7FCC /* Preview Assets.xcassets */; };
		4D674CCB2934D3F0009A7FCC /* Theme.swift in Sources */ = {isa = PBXBuildFile; fileRef = 4D674CCA2934D3F0009A7FCC /* Theme.swift */; };
		4D674CCD2934D5A7009A7FCC /* DailyScrum.swift in Sources */ = {isa = PBXBuildFile; fileRef = 4D674CCC2934D5A7009A7FCC /* DailyScrum.swift */; };
		4D674CCF2934D5ED009A7FCC /* CardView.swift in Sources */ = {isa = PBXBuildFile; fileRef = 4D674CCE2934D5ED009A7FCC /* CardView.swift */; };
		4D674CD32934E67B009A7FCC /* ScrumsView.swift in Sources */ = {isa = PBXBuildFile; fileRef = 4D674CD22934E67B009A7FCC /* ScrumsView.swift */; };
		4D729AE729372D440031DF0B /* DetailEditView.swift in Sources */ = {isa = PBXBuildFile; fileRef = 4D729AE629372D440031DF0B /* DetailEditView.swift */; };
		4D729AE9293743310031DF0B /* ThemeView.swift in Sources */ = {isa = PBXBuildFile; fileRef = 4D729AE8293743310031DF0B /* ThemeView.swift */; };
		4D729AEB293748320031DF0B /* ThemePicker.swift in Sources */ = {isa = PBXBuildFile; fileRef = 4D729AEA293748320031DF0B /* ThemePicker.swift */; };
		4D90A9B129362C4900A372FB /* DetailView.swift in Sources */ = {isa = PBXBuildFile; fileRef = 4D90A9B029362C4900A372FB /* DetailView.swift */; };
		4DBE22A0294AEFDB0020CA8F /* ScrumTimer.swift in Sources */ = {isa = PBXBuildFile; fileRef = 4DBE229F294AEFDB0020CA8F /* ScrumTimer.swift */; };
		4DBE22A4294AF9F90020CA8F /* MeetingHeaderView.swift in Sources */ = {isa = PBXBuildFile; fileRef = 4DBE22A3294AF9F90020CA8F /* MeetingHeaderView.swift */; };
		4DBE22A6294AFD280020CA8F /* TrailingIconLabelStyle.swift in Sources */ = {isa = PBXBuildFile; fileRef = 4DBE22A5294AFD280020CA8F /* TrailingIconLabelStyle.swift */; };
		4DBE22A8294AFDDD0020CA8F /* ScrumProgressViewStyle.swift in Sources */ = {isa = PBXBuildFile; fileRef = 4DBE22A7294AFDDD0020CA8F /* ScrumProgressViewStyle.swift */; };
		4DBE22AA294B0CF30020CA8F /* MeetingFooterView.swift in Sources */ = {isa = PBXBuildFile; fileRef = 4DBE22A9294B0CF30020CA8F /* MeetingFooterView.swift */; };
		4DDF90C72953141700580129 /* AVPlayer+Ding.swift in Sources */ = {isa = PBXBuildFile; fileRef = 4DDF90C62953141700580129 /* AVPlayer+Ding.swift */; };
/* End PBXBuildFile section */

/* Begin PBXFileReference section */
		4D674CB82934BEF9009A7FCC /* Scrumdinger.app */ = {isa = PBXFileReference; explicitFileType = wrapper.application; includeInIndex = 0; path = Scrumdinger.app; sourceTree = BUILT_PRODUCTS_DIR; };
		4D674CBB2934BEF9009A7FCC /* ScrumdingerApp.swift */ = {isa = PBXFileReference; lastKnownFileType = sourcecode.swift; path = ScrumdingerApp.swift; sourceTree = "<group>"; };
		4D674CBD2934BEF9009A7FCC /* MeetingView.swift */ = {isa = PBXFileReference; lastKnownFileType = sourcecode.swift; path = MeetingView.swift; sourceTree = "<group>"; };
		4D674CBF2934BEFB009A7FCC /* Assets.xcassets */ = {isa = PBXFileReference; lastKnownFileType = folder.assetcatalog; path = Assets.xcassets; sourceTree = "<group>"; };
		4D674CC22934BEFB009A7FCC /* Preview Assets.xcassets */ = {isa = PBXFileReference; lastKnownFileType = folder.assetcatalog; path = "Preview Assets.xcassets"; sourceTree = "<group>"; };
		4D674CCA2934D3F0009A7FCC /* Theme.swift */ = {isa = PBXFileReference; lastKnownFileType = sourcecode.swift; path = Theme.swift; sourceTree = "<group>"; };
		4D674CCC2934D5A7009A7FCC /* DailyScrum.swift */ = {isa = PBXFileReference; lastKnownFileType = sourcecode.swift; path = DailyScrum.swift; sourceTree = "<group>"; };
		4D674CCE2934D5ED009A7FCC /* CardView.swift */ = {isa = PBXFileReference; lastKnownFileType = sourcecode.swift; path = CardView.swift; sourceTree = "<group>"; };
		4D674CD22934E67B009A7FCC /* ScrumsView.swift */ = {isa = PBXFileReference; lastKnownFileType = sourcecode.swift; path = ScrumsView.swift; sourceTree = "<group>"; };
		4D729AE629372D440031DF0B /* DetailEditView.swift */ = {isa = PBXFileReference; lastKnownFileType = sourcecode.swift; path = DetailEditView.swift; sourceTree = "<group>"; };
		4D729AE8293743310031DF0B /* ThemeView.swift */ = {isa = PBXFileReference; lastKnownFileType = sourcecode.swift; path = ThemeView.swift; sourceTree = "<group>"; };
		4D729AEA293748320031DF0B /* ThemePicker.swift */ = {isa = PBXFileReference; lastKnownFileType = sourcecode.swift; path = ThemePicker.swift; sourceTree = "<group>"; };
		4D90A9B029362C4900A372FB /* DetailView.swift */ = {isa = PBXFileReference; lastKnownFileType = sourcecode.swift; path = DetailView.swift; sourceTree = "<group>"; };
		4DBE229F294AEFDB0020CA8F /* ScrumTimer.swift */ = {isa = PBXFileReference; lastKnownFileType = sourcecode.swift; path = ScrumTimer.swift; sourceTree = "<group>"; };
		4DBE22A3294AF9F90020CA8F /* MeetingHeaderView.swift */ = {isa = PBXFileReference; lastKnownFileType = sourcecode.swift; path = MeetingHeaderView.swift; sourceTree = "<group>"; };
		4DBE22A5294AFD280020CA8F /* TrailingIconLabelStyle.swift */ = {isa = PBXFileReference; lastKnownFileType = sourcecode.swift; path = TrailingIconLabelStyle.swift; sourceTree = "<group>"; };
		4DBE22A7294AFDDD0020CA8F /* ScrumProgressViewStyle.swift */ = {isa = PBXFileReference; lastKnownFileType = sourcecode.swift; path = ScrumProgressViewStyle.swift; sourceTree = "<group>"; };
		4DBE22A9294B0CF30020CA8F /* MeetingFooterView.swift */ = {isa = PBXFileReference; lastKnownFileType = sourcecode.swift; path = MeetingFooterView.swift; sourceTree = "<group>"; };
		4DDF90C62953141700580129 /* AVPlayer+Ding.swift */ = {isa = PBXFileReference; lastKnownFileType = sourcecode.swift; path = "AVPlayer+Ding.swift"; sourceTree = "<group>"; };
/* End PBXFileReference section */

/* Begin PBXFrameworksBuildPhase section */
		4D674CB52934BEF9009A7FCC /* Frameworks */ = {
			isa = PBXFrameworksBuildPhase;
			buildActionMask = 2147483647;
			files = (
			);
			runOnlyForDeploymentPostprocessing = 0;
		};
/* End PBXFrameworksBuildPhase section */

/* Begin PBXGroup section */
		4D674CAF2934BEF9009A7FCC = {
			isa = PBXGroup;
			children = (
				4D674CBA2934BEF9009A7FCC /* Scrumdinger */,
				4D674CB92934BEF9009A7FCC /* Products */,
			);
			sourceTree = "<group>";
		};
		4D674CB92934BEF9009A7FCC /* Products */ = {
			isa = PBXGroup;
			children = (
				4D674CB82934BEF9009A7FCC /* Scrumdinger.app */,
			);
			name = Products;
			sourceTree = "<group>";
		};
		4D674CBA2934BEF9009A7FCC /* Scrumdinger */ = {
			isa = PBXGroup;
			children = (
				4D729AEC293755590031DF0B /* Root */,
				4D674CC92934D3DB009A7FCC /* Models */,
				4D729AED293755660031DF0B /* Views */,
				4D729AEE293755F10031DF0B /* Parts */,
				4D674CBF2934BEFB009A7FCC /* Assets.xcassets */,
				4D674CC12934BEFB009A7FCC /* Preview Content */,
			);
			path = Scrumdinger;
			sourceTree = "<group>";
		};
		4D674CC12934BEFB009A7FCC /* Preview Content */ = {
			isa = PBXGroup;
			children = (
				4D674CC22934BEFB009A7FCC /* Preview Assets.xcassets */,
			);
			path = "Preview Content";
			sourceTree = "<group>";
		};
		4D674CC92934D3DB009A7FCC /* Models */ = {
			isa = PBXGroup;
			children = (
				4D674CCA2934D3F0009A7FCC /* Theme.swift */,
				4D674CCC2934D5A7009A7FCC /* DailyScrum.swift */,
				4DBE229F294AEFDB0020CA8F /* ScrumTimer.swift */,
				4DDF90C62953141700580129 /* AVPlayer+Ding.swift */,
			);
			path = Models;
			sourceTree = "<group>";
		};
		4D729AEC293755590031DF0B /* Root */ = {
			isa = PBXGroup;
			children = (
				4D674CBB2934BEF9009A7FCC /* ScrumdingerApp.swift */,
			);
			path = Root;
			sourceTree = "<group>";
		};
		4D729AED293755660031DF0B /* Views */ = {
			isa = PBXGroup;
			children = (
				4D674CD22934E67B009A7FCC /* ScrumsView.swift */,
				4D90A9B029362C4900A372FB /* DetailView.swift */,
				4D729AE629372D440031DF0B /* DetailEditView.swift */,
				4D674CBD2934BEF9009A7FCC /* MeetingView.swift */,
			);
			path = Views;
			sourceTree = "<group>";
		};
		4D729AEE293755F10031DF0B /* Parts */ = {
			isa = PBXGroup;
			children = (
				4D729AEA293748320031DF0B /* ThemePicker.swift */,
				4DBE22A7294AFDDD0020CA8F /* ScrumProgressViewStyle.swift */,
				4D729AE8293743310031DF0B /* ThemeView.swift */,
				4D674CCE2934D5ED009A7FCC /* CardView.swift */,
				4DBE22A3294AF9F90020CA8F /* MeetingHeaderView.swift */,
				4DBE22A9294B0CF30020CA8F /* MeetingFooterView.swift */,
				4DBE22A5294AFD280020CA8F /* TrailingIconLabelStyle.swift */,
			);
			path = Parts;
			sourceTree = "<group>";
		};
/* End PBXGroup section */

/* Begin PBXNativeTarget section */
		4D674CB72934BEF9009A7FCC /* Scrumdinger */ = {
			isa = PBXNativeTarget;
			buildConfigurationList = 4D674CC62934BEFB009A7FCC /* Build configuration list for PBXNativeTarget "Scrumdinger" */;
			buildPhases = (
				4D674CB42934BEF9009A7FCC /* Sources */,
				4D674CB52934BEF9009A7FCC /* Frameworks */,
				4D674CB62934BEF9009A7FCC /* Resources */,
			);
			buildRules = (
			);
			dependencies = (
			);
			name = Scrumdinger;
			productName = Scrumdinger;
			productReference = 4D674CB82934BEF9009A7FCC /* Scrumdinger.app */;
			productType = "com.apple.product-type.application";
		};
/* End PBXNativeTarget section */

/* Begin PBXProject section */
		4D674CB02934BEF9009A7FCC /* Project object */ = {
			isa = PBXProject;
			attributes = {
				BuildIndependentTargetsInParallel = 1;
				LastSwiftUpdateCheck = 1400;
				LastUpgradeCheck = 1400;
				TargetAttributes = {
					4D674CB72934BEF9009A7FCC = {
						CreatedOnToolsVersion = 14.0.1;
					};
				};
			};
			buildConfigurationList = 4D674CB32934BEF9009A7FCC /* Build configuration list for PBXProject "Scrumdinger" */;
			compatibilityVersion = "Xcode 14.0";
			developmentRegion = en;
			hasScannedForEncodings = 0;
			knownRegions = (
				en,
				Base,
			);
			mainGroup = 4D674CAF2934BEF9009A7FCC;
			productRefGroup = 4D674CB92934BEF9009A7FCC /* Products */;
			projectDirPath = "";
			projectRoot = "";
			targets = (
				4D674CB72934BEF9009A7FCC /* Scrumdinger */,
			);
		};
/* End PBXProject section */

/* Begin PBXResourcesBuildPhase section */
		4D674CB62934BEF9009A7FCC /* Resources */ = {
			isa = PBXResourcesBuildPhase;
			buildActionMask = 2147483647;
			files = (
				4D674CC32934BEFB009A7FCC /* Preview Assets.xcassets in Resources */,
				4D674CC02934BEFB009A7FCC /* Assets.xcassets in Resources */,
			);
			runOnlyForDeploymentPostprocessing = 0;
		};
/* End PBXResourcesBuildPhase section */

/* Begin PBXSourcesBuildPhase section */
		4D674CB42934BEF9009A7FCC /* Sources */ = {
			isa = PBXSourcesBuildPhase;
			buildActionMask = 2147483647;
			files = (
				4D674CCD2934D5A7009A7FCC /* DailyScrum.swift in Sources */,
				4D674CD32934E67B009A7FCC /* ScrumsView.swift in Sources */,
				4DBE22AA294B0CF30020CA8F /* MeetingFooterView.swift in Sources */,
				4DBE22A8294AFDDD0020CA8F /* ScrumProgressViewStyle.swift in Sources */,
				4D674CCB2934D3F0009A7FCC /* Theme.swift in Sources */,
				4DBE22A4294AF9F90020CA8F /* MeetingHeaderView.swift in Sources */,
				4D729AEB293748320031DF0B /* ThemePicker.swift in Sources */,
				4D729AE729372D440031DF0B /* DetailEditView.swift in Sources */,
				4D90A9B129362C4900A372FB /* DetailView.swift in Sources */,
				4DBE22A0294AEFDB0020CA8F /* ScrumTimer.swift in Sources */,
				4DBE22A6294AFD280020CA8F /* TrailingIconLabelStyle.swift in Sources */,
				4D674CBE2934BEF9009A7FCC /* MeetingView.swift in Sources */,
				4D674CBC2934BEF9009A7FCC /* ScrumdingerApp.swift in Sources */,
				4D729AE9293743310031DF0B /* ThemeView.swift in Sources */,
				4D674CCF2934D5ED009A7FCC /* CardView.swift in Sources */,
				4DDF90C72953141700580129 /* AVPlayer+Ding.swift in Sources */,
			);
			runOnlyForDeploymentPostprocessing = 0;
		};
/* End PBXSourcesBuildPhase section */

/* Begin XCBuildConfiguration section */
		4D674CC42934BEFB009A7FCC /* Debug */ = {
			isa = XCBuildConfiguration;
			buildSettings = {
				ALWAYS_SEARCH_USER_PATHS = NO;
				CLANG_ANALYZER_NONNULL = YES;
				CLANG_ANALYZER_NUMBER_OBJECT_CONVERSION = YES_AGGRESSIVE;
				CLANG_CXX_LANGUAGE_STANDARD = "gnu++20";
				CLANG_ENABLE_MODULES = YES;
				CLANG_ENABLE_OBJC_ARC = YES;
				CLANG_ENABLE_OBJC_WEAK = YES;
				CLANG_WARN_BLOCK_CAPTURE_AUTORELEASING = YES;
				CLANG_WARN_BOOL_CONVERSION = YES;
				CLANG_WARN_COMMA = YES;
				CLANG_WARN_CONSTANT_CONVERSION = YES;
				CLANG_WARN_DEPRECATED_OBJC_IMPLEMENTATIONS = YES;
				CLANG_WARN_DIRECT_OBJC_ISA_USAGE = YES_ERROR;
				CLANG_WARN_DOCUMENTATION_COMMENTS = YES;
				CLANG_WARN_EMPTY_BODY = YES;
				CLANG_WARN_ENUM_CONVERSION = YES;
				CLANG_WARN_INFINITE_RECURSION = YES;
				CLANG_WARN_INT_CONVERSION = YES;
				CLANG_WARN_NON_LITERAL_NULL_CONVERSION = YES;
				CLANG_WARN_OBJC_IMPLICIT_RETAIN_SELF = YES;
				CLANG_WARN_OBJC_LITERAL_CONVERSION = YES;
				CLANG_WARN_OBJC_ROOT_CLASS = YES_ERROR;
				CLANG_WARN_QUOTED_INCLUDE_IN_FRAMEWORK_HEADER = YES;
				CLANG_WARN_RANGE_LOOP_ANALYSIS = YES;
				CLANG_WARN_STRICT_PROTOTYPES = YES;
				CLANG_WARN_SUSPICIOUS_MOVE = YES;
				CLANG_WARN_UNGUARDED_AVAILABILITY = YES_AGGRESSIVE;
				CLANG_WARN_UNREACHABLE_CODE = YES;
				CLANG_WARN__DUPLICATE_METHOD_MATCH = YES;
				COPY_PHASE_STRIP = NO;
				DEBUG_INFORMATION_FORMAT = dwarf;
				ENABLE_STRICT_OBJC_MSGSEND = YES;
				ENABLE_TESTABILITY = YES;
				GCC_C_LANGUAGE_STANDARD = gnu11;
				GCC_DYNAMIC_NO_PIC = NO;
				GCC_NO_COMMON_BLOCKS = YES;
				GCC_OPTIMIZATION_LEVEL = 0;
				GCC_PREPROCESSOR_DEFINITIONS = (
					"DEBUG=1",
					"$(inherited)",
				);
				GCC_WARN_64_TO_32_BIT_CONVERSION = YES;
				GCC_WARN_ABOUT_RETURN_TYPE = YES_ERROR;
				GCC_WARN_UNDECLARED_SELECTOR = YES;
				GCC_WARN_UNINITIALIZED_AUTOS = YES_AGGRESSIVE;
				GCC_WARN_UNUSED_FUNCTION = YES;
				GCC_WARN_UNUSED_VARIABLE = YES;
				IPHONEOS_DEPLOYMENT_TARGET = 16.0;
				MTL_ENABLE_DEBUG_INFO = INCLUDE_SOURCE;
				MTL_FAST_MATH = YES;
				ONLY_ACTIVE_ARCH = YES;
				SDKROOT = iphoneos;
				SWIFT_ACTIVE_COMPILATION_CONDITIONS = DEBUG;
				SWIFT_OPTIMIZATION_LEVEL = "-Onone";
			};
			name = Debug;
		};
		4D674CC52934BEFB009A7FCC /* Release */ = {
			isa = XCBuildConfiguration;
			buildSettings = {
				ALWAYS_SEARCH_USER_PATHS = NO;
				CLANG_ANALYZER_NONNULL = YES;
				CLANG_ANALYZER_NUMBER_OBJECT_CONVERSION = YES_AGGRESSIVE;
				CLANG_CXX_LANGUAGE_STANDARD = "gnu++20";
				CLANG_ENABLE_MODULES = YES;
				CLANG_ENABLE_OBJC_ARC = YES;
				CLANG_ENABLE_OBJC_WEAK = YES;
				CLANG_WARN_BLOCK_CAPTURE_AUTORELEASING = YES;
				CLANG_WARN_BOOL_CONVERSION = YES;
				CLANG_WARN_COMMA = YES;
				CLANG_WARN_CONSTANT_CONVERSION = YES;
				CLANG_WARN_DEPRECATED_OBJC_IMPLEMENTATIONS = YES;
				CLANG_WARN_DIRECT_OBJC_ISA_USAGE = YES_ERROR;
				CLANG_WARN_DOCUMENTATION_COMMENTS = YES;
				CLANG_WARN_EMPTY_BODY = YES;
				CLANG_WARN_ENUM_CONVERSION = YES;
				CLANG_WARN_INFINITE_RECURSION = YES;
				CLANG_WARN_INT_CONVERSION = YES;
				CLANG_WARN_NON_LITERAL_NULL_CONVERSION = YES;
				CLANG_WARN_OBJC_IMPLICIT_RETAIN_SELF = YES;
				CLANG_WARN_OBJC_LITERAL_CONVERSION = YES;
				CLANG_WARN_OBJC_ROOT_CLASS = YES_ERROR;
				CLANG_WARN_QUOTED_INCLUDE_IN_FRAMEWORK_HEADER = YES;
				CLANG_WARN_RANGE_LOOP_ANALYSIS = YES;
				CLANG_WARN_STRICT_PROTOTYPES = YES;
				CLANG_WARN_SUSPICIOUS_MOVE = YES;
				CLANG_WARN_UNGUARDED_AVAILABILITY = YES_AGGRESSIVE;
				CLANG_WARN_UNREACHABLE_CODE = YES;
				CLANG_WARN__DUPLICATE_METHOD_MATCH = YES;
				COPY_PHASE_STRIP = NO;
				DEBUG_INFORMATION_FORMAT = "dwarf-with-dsym";
				ENABLE_NS_ASSERTIONS = NO;
				ENABLE_STRICT_OBJC_MSGSEND = YES;
				GCC_C_LANGUAGE_STANDARD = gnu11;
				GCC_NO_COMMON_BLOCKS = YES;
				GCC_WARN_64_TO_32_BIT_CONVERSION = YES;
				GCC_WARN_ABOUT_RETURN_TYPE = YES_ERROR;
				GCC_WARN_UNDECLARED_SELECTOR = YES;
				GCC_WARN_UNINITIALIZED_AUTOS = YES_AGGRESSIVE;
				GCC_WARN_UNUSED_FUNCTION = YES;
				GCC_WARN_UNUSED_VARIABLE = YES;
				IPHONEOS_DEPLOYMENT_TARGET = 16.0;
				MTL_ENABLE_DEBUG_INFO = NO;
				MTL_FAST_MATH = YES;
				SDKROOT = iphoneos;
				SWIFT_COMPILATION_MODE = wholemodule;
				SWIFT_OPTIMIZATION_LEVEL = "-O";
				VALIDATE_PRODUCT = YES;
			};
			name = Release;
		};
		4D674CC72934BEFB009A7FCC /* Debug */ = {
			isa = XCBuildConfiguration;
			buildSettings = {
				ASSETCATALOG_COMPILER_APPICON_NAME = AppIcon;
				ASSETCATALOG_COMPILER_GLOBAL_ACCENT_COLOR_NAME = AccentColor;
				CODE_SIGN_STYLE = Automatic;
				CURRENT_PROJECT_VERSION = 1;
				DEVELOPMENT_ASSET_PATHS = "\"Scrumdinger/Preview Content\"";
				DEVELOPMENT_TEAM = KZ9ZFJVL8G;
				ENABLE_PREVIEWS = YES;
				GENERATE_INFOPLIST_FILE = YES;
				INFOPLIST_KEY_UIApplicationSceneManifest_Generation = YES;
				INFOPLIST_KEY_UIApplicationSupportsIndirectInputEvents = YES;
				INFOPLIST_KEY_UILaunchScreen_Generation = YES;
				INFOPLIST_KEY_UISupportedInterfaceOrientations_iPad = "UIInterfaceOrientationPortrait UIInterfaceOrientationPortraitUpsideDown UIInterfaceOrientationLandscapeLeft UIInterfaceOrientationLandscapeRight";
				INFOPLIST_KEY_UISupportedInterfaceOrientations_iPhone = "UIInterfaceOrientationPortrait UIInterfaceOrientationLandscapeLeft UIInterfaceOrientationLandscapeRight";
				LD_RUNPATH_SEARCH_PATHS = (
					"$(inherited)",
					"@executable_path/Frameworks",
				);
				MARKETING_VERSION = 1.0;
				PRODUCT_BUNDLE_IDENTIFIER = Siddikjon.Scrumdinger;
				PRODUCT_NAME = "$(TARGET_NAME)";
				SWIFT_EMIT_LOC_STRINGS = YES;
				SWIFT_VERSION = 5.0;
				TARGETED_DEVICE_FAMILY = "1,2";
			};
			name = Debug;
		};
		4D674CC82934BEFB009A7FCC /* Release */ = {
			isa = XCBuildConfiguration;
			buildSettings = {
				ASSETCATALOG_COMPILER_APPICON_NAME = AppIcon;
				ASSETCATALOG_COMPILER_GLOBAL_ACCENT_COLOR_NAME = AccentColor;
				CODE_SIGN_STYLE = Automatic;
				CURRENT_PROJECT_VERSION = 1;
				DEVELOPMENT_ASSET_PATHS = "\"Scrumdinger/Preview Content\"";
				DEVELOPMENT_TEAM = KZ9ZFJVL8G;
				ENABLE_PREVIEWS = YES;
				GENERATE_INFOPLIST_FILE = YES;
				INFOPLIST_KEY_UIApplicationSceneManifest_Generation = YES;
				INFOPLIST_KEY_UIApplicationSupportsIndirectInputEvents = YES;
				INFOPLIST_KEY_UILaunchScreen_Generation = YES;
				INFOPLIST_KEY_UISupportedInterfaceOrientations_iPad = "UIInterfaceOrientationPortrait UIInterfaceOrientationPortraitUpsideDown UIInterfaceOrientationLandscapeLeft UIInterfaceOrientationLandscapeRight";
				INFOPLIST_KEY_UISupportedInterfaceOrientations_iPhone = "UIInterfaceOrientationPortrait UIInterfaceOrientationLandscapeLeft UIInterfaceOrientationLandscapeRight";
				LD_RUNPATH_SEARCH_PATHS = (
					"$(inherited)",
					"@executable_path/Frameworks",
				);
				MARKETING_VERSION = 1.0;
				PRODUCT_BUNDLE_IDENTIFIER = Siddikjon.Scrumdinger;
				PRODUCT_NAME = "$(TARGET_NAME)";
				SWIFT_EMIT_LOC_STRINGS = YES;
				SWIFT_VERSION = 5.0;
				TARGETED_DEVICE_FAMILY = "1,2";
			};
			name = Release;
		};
/* End XCBuildConfiguration section */

/* Begin XCConfigurationList section */
		4D674CB32934BEF9009A7FCC /* Build configuration list for PBXProject "Scrumdinger" */ = {
			isa = XCConfigurationList;
			buildConfigurations = (
				4D674CC42934BEFB009A7FCC /* Debug */,
				4D674CC52934BEFB009A7FCC /* Release */,
			);
			defaultConfigurationIsVisible = 0;
			defaultConfigurationName = Release;
		};
		4D674CC62934BEFB009A7FCC /* Build configuration list for PBXNativeTarget "Scrumdinger" */ = {
			isa = XCConfigurationList;
			buildConfigurations = (
				4D674CC72934BEFB009A7FCC /* Debug */,
				4D674CC82934BEFB009A7FCC /* Release */,
			);
			defaultConfigurationIsVisible = 0;
			defaultConfigurationName = Release;
		};
/* End XCConfigurationList section */
	};
	rootObject = 4D674CB02934BEF9009A7FCC /* Project object */;
}
